
Microsoft Visual Studio Solution File, Format Version 12.00
# Visual Studio Version 16
VisualStudioVersion = 16.0.30406.217
MinimumVisualStudioVersion = 10.0.40219.1
Project("{FAE04EC0-301F-11D3-BF4B-00C04F79EFBC}") = "PingTest.Android", "PingTest.Android\PingTest.Android.csproj", "{0DFFAA07-7CB3-4237-A826-E69DF1DD6EE6}"
EndProject
Project("{FAE04EC0-301F-11D3-BF4B-00C04F79EFBC}") = "PingTest.iOS", "PingTest.iOS\PingTest.iOS.csproj", "{BC733E17-214B-47B8-B29B-2E881D6A31B7}"
EndProject
Project("{FAE04EC0-301F-11D3-BF4B-00C04F79EFBC}") = "PingTest", "PingTest\PingTest.csproj", "{13A1E22B-A1C2-4955-85D2-A742C7401FCA}"
EndProject
Global
	GlobalSection(SolutionConfigurationPlatforms) = preSolution
		Debug|Any CPU = Debug|Any CPU
		Debug|iPhone = Debug|iPhone
		Debug|iPhoneSimulator = Debug|iPhoneSimulator
		Release|Any CPU = Release|Any CPU
		Release|iPhone = Release|iPhone
		Release|iPhoneSimulator = Release|iPhoneSimulator
	EndGlobalSection
	GlobalSection(ProjectConfigurationPlatforms) = postSolution
		{0DFFAA07-7CB3-4237-A826-E69DF1DD6EE6}.Debug|Any CPU.ActiveCfg = Debug|Any CPU
		{0DFFAA07-7CB3-4237-A826-E69DF1DD6EE6}.Debug|Any CPU.Build.0 = Debug|Any CPU
		{0DFFAA07-7CB3-4237-A826-E69DF1DD6EE6}.Debug|Any CPU.Deploy.0 = Debug|Any CPU
		{0DFFAA07-7CB3-4237-A826-E69DF1DD6EE6}.Debug|iPhone.ActiveCfg = Debug|Any CPU
		{0DFFAA07-7CB3-4237-A826-E69DF1DD6EE6}.Debug|iPhone.Build.0 = Debug|Any CPU
		{0DFFAA07-7CB3-4237-A826-E69DF1DD6EE6}.Debug|iPhone.Deploy.0 = Debug|Any CPU
		{0DFFAA07-7CB3-4237-A826-E69DF1DD6EE6}.Debug|iPhoneSimulator.ActiveCfg = Debug|Any CPU
		{0DFFAA07-7CB3-4237-A826-E69DF1DD6EE6}.Debug|iPhoneSimulator.Build.0 = Debug|Any CPU
		{0DFFAA07-7CB3-4237-A826-E69DF1DD6EE6}.Debug|iPhoneSimulator.Deploy.0 = Debug|Any CPU
		{0DFFAA07-7CB3-4237-A826-E69DF1DD6EE6}.Release|Any CPU.ActiveCfg = Release|Any CPU
		{0DFFAA07-7CB3-4237-A826-E69DF1DD6EE6}.Release|Any CPU.Build.0 = Release|Any CPU
		{0DFFAA07-7CB3-4237-A826-E69DF1DD6EE6}.Release|Any CPU.Deploy.0 = Release|Any CPU
		{0DFFAA07-7CB3-4237-A826-E69DF1DD6EE6}.Release|iPhone.ActiveCfg = Release|Any CPU
		{0DFFAA07-7CB3-4237-A826-E69DF1DD6EE6}.Release|iPhone.Build.0 = Release|Any CPU
		{0DFFAA07-7CB3-4237-A826-E69DF1DD6EE6}.Release|iPhone.Deploy.0 = Release|Any CPU
		{0DFFAA07-7CB3-4237-A826-E69DF1DD6EE6}.Release|iPhoneSimulator.ActiveCfg = Release|Any CPU
		{0DFFAA07-7CB3-4237-A826-E69DF1DD6EE6}.Release|iPhoneSimulator.Build.0 = Release|Any CPU
		{0DFFAA07-7CB3-4237-A826-E69DF1DD6EE6}.Release|iPhoneSimulator.Deploy.0 = Release|Any CPU
		{BC733E17-214B-47B8-B29B-2E881D6A31B7}.Debug|Any CPU.ActiveCfg = Debug|iPhone
		{BC733E17-214B-47B8-B29B-2E881D6A31B7}.Debug|Any CPU.Build.0 = Debug|iPhone
		{BC733E17-214B-47B8-B29B-2E881D6A31B7}.Debug|Any CPU.Deploy.0 = Debug|iPhone
		{BC733E17-214B-47B8-B29B-2E881D6A31B7}.Debug|iPhone.ActiveCfg = Debug|iPhone
		{BC733E17-214B-47B8-B29B-2E881D6A31B7}.Debug|iPhone.Build.0 = Debug|iPhone
		{BC733E17-214B-47B8-B29B-2E881D6A31B7}.Debug|iPhone.Deploy.0 = Debug|iPhone
		{BC733E17-214B-47B8-B29B-2E881D6A31B7}.Debug|iPhoneSimulator.ActiveCfg = Debug|iPhoneSimulator
		{BC733E17-214B-47B8-B29B-2E881D6A31B7}.Debug|iPhoneSimulator.Build.0 = Debug|iPhoneSimulator
		{BC733E17-214B-47B8-B29B-2E881D6A31B7}.Debug|iPhoneSimulator.Deploy.0 = Debug|iPhoneSimulator
		{BC733E17-214B-47B8-B29B-2E881D6A31B7}.Release|Any CPU.ActiveCfg = Release|iPhone
		{BC733E17-214B-47B8-B29B-2E881D6A31B7}.Release|Any CPU.Build.0 = Release|iPhone
		{BC733E17-214B-47B8-B29B-2E881D6A31B7}.Release|Any CPU.Deploy.0 = Release|iPhone
		{BC733E17-214B-47B8-B29B-2E881D6A31B7}.Release|iPhone.ActiveCfg = Release|iPhone
		{BC733E17-214B-47B8-B29B-2E881D6A31B7}.Release|iPhone.Build.0 = Release|iPhone
		{BC733E17-214B-47B8-B29B-2E881D6A31B7}.Release|iPhone.Deploy.0 = Release|iPhone
		{BC733E17-214B-47B8-B29B-2E881D6A31B7}.Release|iPhoneSimulator.ActiveCfg = Release|iPhoneSimulator
		{BC733E17-214B-47B8-B29B-2E881D6A31B7}.Release|iPhoneSimulator.Build.0 = Release|iPhoneSimulator
		{BC733E17-214B-47B8-B29B-2E881D6A31B7}.Release|iPhoneSimulator.Deploy.0 = Release|iPhoneSimulator
		{13A1E22B-A1C2-4955-85D2-A742C7401FCA}.Debug|Any CPU.ActiveCfg = Debug|Any CPU
		{13A1E22B-A1C2-4955-85D2-A742C7401FCA}.Debug|Any CPU.Build.0 = Debug|Any CPU
		{13A1E22B-A1C2-4955-85D2-A742C7401FCA}.Debug|Any CPU.Deploy.0 = Debug|Any CPU
		{13A1E22B-A1C2-4955-85D2-A742C7401FCA}.Debug|iPhone.ActiveCfg = Debug|Any CPU
		{13A1E22B-A1C2-4955-85D2-A742C7401FCA}.Debug|iPhone.Build.0 = Debug|Any CPU
		{13A1E22B-A1C2-4955-85D2-A742C7401FCA}.Debug|iPhone.Deploy.0 = Debug|Any CPU
		{13A1E22B-A1C2-4955-85D2-A742C7401FCA}.Debug|iPhoneSimulator.ActiveCfg = Debug|Any CPU
		{13A1E22B-A1C2-4955-85D2-A742C7401FCA}.Debug|iPhoneSimulator.Build.0 = Debug|Any CPU
		{13A1E22B-A1C2-4955-85D2-A742C7401FCA}.Debug|iPhoneSimulator.Deploy.0 = Debug|Any CPU
		{13A1E22B-A1C2-4955-85D2-A742C7401FCA}.Release|Any CPU.ActiveCfg = Release|Any CPU
		{13A1E22B-A1C2-4955-85D2-A742C7401FCA}.Release|Any CPU.Build.0 = Release|Any CPU
		{13A1E22B-A1C2-4955-85D2-A742C7401FCA}.Release|Any CPU.Deploy.0 = Release|Any CPU
		{13A1E22B-A1C2-4955-85D2-A742C7401FCA}.Release|iPhone.ActiveCfg = Release|Any CPU
		{13A1E22B-A1C2-4955-85D2-A742C7401FCA}.Release|iPhone.Build.0 = Release|Any CPU
		{13A1E22B-A1C2-4955-85D2-A742C7401FCA}.Release|iPhone.Deploy.0 = Release|Any CPU
		{13A1E22B-A1C2-4955-85D2-A742C7401FCA}.Release|iPhoneSimulator.ActiveCfg = Release|Any CPU
		{13A1E22B-A1C2-4955-85D2-A742C7401FCA}.Release|iPhoneSimulator.Build.0 = Release|Any CPU
		{13A1E22B-A1C2-4955-85D2-A742C7401FCA}.Release|iPhoneSimulator.Deploy.0 = Release|Any CPU
	EndGlobalSection
	GlobalSection(SolutionProperties) = preSolution
		HideSolutionNode = FALSE
	EndGlobalSection
	GlobalSection(ExtensibilityGlobals) = postSolution
		SolutionGuid = {26AC94C5-BACB-4349-99D1-26BB1C65F093}
	EndGlobalSection
EndGlobal
